
Microsoft Visual Studio Solution File, Format Version 12.00
# Visual Studio Version 16
VisualStudioVersion = 16.0.29806.167
MinimumVisualStudioVersion = 10.0.40219.1
Project("{8BC9CEB8-8B4A-11D0-8D11-00A0C91BC942}") = "triAce-Star-Ocean-4-extract", "triAce-Star-Ocean-4-extract.vcxproj", "{8E51D0DE-7D93-4350-B13F-F970A2BCB5D4}"
EndProject
Global
	GlobalSection(SolutionConfigurationPlatforms) = preSolution
		Debug|x64 = Debug|x64
		Debug|x86 = Debug|x86
		Release|x64 = Release|x64
		Release|x86 = Release|x86
	EndGlobalSection
	GlobalSection(ProjectConfigurationPlatforms) = postSolution
		{8E51D0DE-7D93-4350-B13F-F970A2BCB5D4}.Debug|x64.ActiveCfg = Debug|x64
		{8E51D0DE-7D93-4350-B13F-F970A2BCB5D4}.Debug|x64.Build.0 = Debug|x64
		{8E51D0DE-7D93-4350-B13F-F970A2BCB5D4}.Debug|x86.ActiveCfg = Debug|Win32
		{8E51D0DE-7D93-4350-B13F-F970A2BCB5D4}.Debug|x86.Build.0 = Debug|Win32
		{8E51D0DE-7D93-4350-B13F-F970A2BCB5D4}.Release|x64.ActiveCfg = Release|x64
		{8E51D0DE-7D93-4350-B13F-F970A2BCB5D4}.Release|x64.Build.0 = Release|x64
		{8E51D0DE-7D93-4350-B13F-F970A2BCB5D4}.Release|x86.ActiveCfg = Release|Win32
		{8E51D0DE-7D93-4350-B13F-F970A2BCB5D4}.Release|x86.Build.0 = Release|Win32
	EndGlobalSection
	GlobalSection(SolutionProperties) = preSolution
		HideSolutionNode = FALSE
	EndGlobalSection
	GlobalSection(ExtensibilityGlobals) = postSolution
		SolutionGuid = {C80AC86A-E599-4D1D-8E31-3A88E6CA3D62}
	EndGlobalSection
EndGlobal
